
Microsoft Visual Studio Solution File, Format Version 12.00
# Visual Studio Version 16
VisualStudioVersion = 16.0.30611.23
MinimumVisualStudioVersion = 10.0.40219.1
Project("{888888A0-9F3D-457C-B088-3A5042F75D52}") = "AlbertoIzq-7.FestivalDatabaseWebsite", "AlbertoIzq-7.FestivalDatabaseWebsite\AlbertoIzq-7.FestivalDatabaseWebsite.pyproj", "{6B71D936-7484-47C7-95CE-45D1A52A8CC3}"
EndProject
Global
	GlobalSection(SolutionConfigurationPlatforms) = preSolution
		Debug|Any CPU = Debug|Any CPU
		Release|Any CPU = Release|Any CPU
	EndGlobalSection
	GlobalSection(ProjectConfigurationPlatforms) = postSolution
		{6B71D936-7484-47C7-95CE-45D1A52A8CC3}.Debug|Any CPU.ActiveCfg = Debug|Any CPU
		{6B71D936-7484-47C7-95CE-45D1A52A8CC3}.Release|Any CPU.ActiveCfg = Release|Any CPU
	EndGlobalSection
	GlobalSection(SolutionProperties) = preSolution
		HideSolutionNode = FALSE
	EndGlobalSection
	GlobalSection(ExtensibilityGlobals) = postSolution
		SolutionGuid = {13771315-2E09-45C0-B978-20BC5E942C2D}
	EndGlobalSection
EndGlobal
